
Microsoft Visual Studio Solution File, Format Version 12.00
# Visual Studio Version 17
VisualStudioVersion = 17.8.34309.116
MinimumVisualStudioVersion = 10.0.40219.1
Project("{FAE04EC0-301F-11D3-BF4B-00C04F79EFBC}") = "BufunfaTech.API", "BufunfaTech.API.csproj", "{88E2471B-C77B-4731-80D9-7E906EE35D0A}"
EndProject
Global
	GlobalSection(SolutionConfigurationPlatforms) = preSolution
		Debug|Any CPU = Debug|Any CPU
		Release|Any CPU = Release|Any CPU
	EndGlobalSection
	GlobalSection(ProjectConfigurationPlatforms) = postSolution
		{88E2471B-C77B-4731-80D9-7E906EE35D0A}.Debug|Any CPU.ActiveCfg = Debug|Any CPU
		{88E2471B-C77B-4731-80D9-7E906EE35D0A}.Debug|Any CPU.Build.0 = Debug|Any CPU
		{88E2471B-C77B-4731-80D9-7E906EE35D0A}.Release|Any CPU.ActiveCfg = Release|Any CPU
		{88E2471B-C77B-4731-80D9-7E906EE35D0A}.Release|Any CPU.Build.0 = Release|Any CPU
	EndGlobalSection
	GlobalSection(SolutionProperties) = preSolution
		HideSolutionNode = FALSE
	EndGlobalSection
	GlobalSection(ExtensibilityGlobals) = postSolution
		SolutionGuid = {87318D06-C6BD-42DF-A5FA-53BFC4CB352E}
	EndGlobalSection
EndGlobal
